
Microsoft Visual Studio Solution File, Format Version 12.00
# Visual Studio Version 17
VisualStudioVersion = 17.9.34728.123
MinimumVisualStudioVersion = 10.0.40219.1
Project("{9A19103F-16F7-4668-BE54-9A1E7A4F7556}") = "ControllerConfigurator", "ControllerConfigurator.csproj", "{3A97D327-254D-468B-9DCE-964E2C6B8E92}"
EndProject
Global
	GlobalSection(SolutionConfigurationPlatforms) = preSolution
		Debug|Any CPU = Debug|Any CPU
		Release|Any CPU = Release|Any CPU
	EndGlobalSection
	GlobalSection(ProjectConfigurationPlatforms) = postSolution
		{3A97D327-254D-468B-9DCE-964E2C6B8E92}.Debug|Any CPU.ActiveCfg = Debug|Any CPU
		{3A97D327-254D-468B-9DCE-964E2C6B8E92}.Debug|Any CPU.Build.0 = Debug|Any CPU
		{3A97D327-254D-468B-9DCE-964E2C6B8E92}.Release|Any CPU.ActiveCfg = Release|Any CPU
		{3A97D327-254D-468B-9DCE-964E2C6B8E92}.Release|Any CPU.Build.0 = Release|Any CPU
	EndGlobalSection
	GlobalSection(SolutionProperties) = preSolution
		HideSolutionNode = FALSE
	EndGlobalSection
	GlobalSection(ExtensibilityGlobals) = postSolution
		SolutionGuid = {ADBB82F6-0EE3-4B33-91AD-528FC3D2107E}
	EndGlobalSection
EndGlobal
